
Microsoft Visual Studio Solution File, Format Version 12.00
# Visual Studio Version 16
VisualStudioVersion = 16.0.30011.22
MinimumVisualStudioVersion = 10.0.40219.1
Project("{E24C65DC-7377-472B-9ABA-BC803B73C61A}") = "SqlManagementStudio.PasteAsHtml", ".", "{B9241A58-87CA-4331-8748-389A43046DD5}"
	ProjectSection(WebsiteProperties) = preProject
		TargetFrameworkMoniker = ".NETFramework,Version%3Dv4.0"
		Debug.AspNetCompiler.Debug = "True"
		Release.AspNetCompiler.Debug = "False"
		VWDPort = "1046"
		SlnRelativePath = "..\SqlManagementStudio.PasteAsHtml\"
	EndProjectSection
EndProject
Project("{2150E333-8FDC-42A3-9474-1A3956D46DE8}") = "Solution Items", "Solution Items", "{9AD34485-5C59-47B2-B921-C5D24BA5C47A}"
	ProjectSection(SolutionItems) = preProject
		LICENSE = LICENSE
		README.md = README.md
	EndProjectSection
EndProject
Global
	GlobalSection(SolutionConfigurationPlatforms) = preSolution
		Debug|Any CPU = Debug|Any CPU
	EndGlobalSection
	GlobalSection(ProjectConfigurationPlatforms) = postSolution
		{B9241A58-87CA-4331-8748-389A43046DD5}.Debug|Any CPU.ActiveCfg = Debug|Any CPU
		{B9241A58-87CA-4331-8748-389A43046DD5}.Debug|Any CPU.Build.0 = Debug|Any CPU
	EndGlobalSection
	GlobalSection(SolutionProperties) = preSolution
		HideSolutionNode = FALSE
	EndGlobalSection
	GlobalSection(ExtensibilityGlobals) = postSolution
		SolutionGuid = {C900DF59-0BA7-49F4-B695-EE48512181C4}
	EndGlobalSection
EndGlobal
